
Microsoft Visual Studio Solution File, Format Version 12.00
# Visual Studio Version 17
VisualStudioVersion = 17.14.36221.1 d17.14
MinimumVisualStudioVersion = 10.0.40219.1
Project("{FAE04EC0-301F-11D3-BF4B-00C04F79EFBC}") = "WpfApp1", "WpfApp1\WpfApp1.csproj", "{1C0ECE13-30E6-4A17-ADF0-6780460A5E8A}"
EndProject
Global
	GlobalSection(SolutionConfigurationPlatforms) = preSolution
		Debug|Any CPU = Debug|Any CPU
		Release|Any CPU = Release|Any CPU
	EndGlobalSection
	GlobalSection(ProjectConfigurationPlatforms) = postSolution
		{1C0ECE13-30E6-4A17-ADF0-6780460A5E8A}.Debug|Any CPU.ActiveCfg = Debug|Any CPU
		{1C0ECE13-30E6-4A17-ADF0-6780460A5E8A}.Debug|Any CPU.Build.0 = Debug|Any CPU
		{1C0ECE13-30E6-4A17-ADF0-6780460A5E8A}.Release|Any CPU.ActiveCfg = Release|Any CPU
		{1C0ECE13-30E6-4A17-ADF0-6780460A5E8A}.Release|Any CPU.Build.0 = Release|Any CPU
	EndGlobalSection
	GlobalSection(SolutionProperties) = preSolution
		HideSolutionNode = FALSE
	EndGlobalSection
	GlobalSection(ExtensibilityGlobals) = postSolution
		SolutionGuid = {ABDCBB08-5A1B-47D2-BFCE-5A75ED54D5BF}
	EndGlobalSection
EndGlobal
